
Microsoft Visual Studio Solution File, Format Version 12.00
# Visual Studio Version 17
VisualStudioVersion = 17.8.34309.116
MinimumVisualStudioVersion = 10.0.40219.1
Project("{9092AA53-FB77-4645-B42D-1CCCA6BD08BD}") = "GoRestAPITests", "GoRestAPITests.njsproj", "{A05EDCE4-0A98-4C4D-ACEC-4F6042F1DC90}"
EndProject
Global
	GlobalSection(SolutionConfigurationPlatforms) = preSolution
		Debug|Any CPU = Debug|Any CPU
		Release|Any CPU = Release|Any CPU
	EndGlobalSection
	GlobalSection(ProjectConfigurationPlatforms) = postSolution
		{A05EDCE4-0A98-4C4D-ACEC-4F6042F1DC90}.Debug|Any CPU.ActiveCfg = Debug|Any CPU
		{A05EDCE4-0A98-4C4D-ACEC-4F6042F1DC90}.Debug|Any CPU.Build.0 = Debug|Any CPU
		{A05EDCE4-0A98-4C4D-ACEC-4F6042F1DC90}.Release|Any CPU.ActiveCfg = Release|Any CPU
		{A05EDCE4-0A98-4C4D-ACEC-4F6042F1DC90}.Release|Any CPU.Build.0 = Release|Any CPU
	EndGlobalSection
	GlobalSection(SolutionProperties) = preSolution
		HideSolutionNode = FALSE
	EndGlobalSection
	GlobalSection(ExtensibilityGlobals) = postSolution
		SolutionGuid = {2EA03181-C4CD-4549-8103-33D9DFD58BF5}
	EndGlobalSection
EndGlobal
